
Microsoft Visual Studio Solution File, Format Version 12.00
# Visual Studio 15
VisualStudioVersion = 15.0.26403.7
MinimumVisualStudioVersion = 15.0.26124.0
Project("{9A19103F-16F7-4668-BE54-9A1E7A4F7556}") = "macaron", "macaron\macaron.csproj", "{ECBDC293-2737-430A-8C03-509A10F5B29B}"
EndProject
Project("{FAE04EC0-301F-11D3-BF4B-00C04F79EFBC}") = "macaron.test", "macaron.test\macaron.test.csproj", "{60D2C261-C339-4B9E-A63A-85D78E8E455E}"
EndProject
Global
	GlobalSection(SolutionConfigurationPlatforms) = preSolution
		Debug|Any CPU = Debug|Any CPU
		Release|Any CPU = Release|Any CPU
	EndGlobalSection
	GlobalSection(ProjectConfigurationPlatforms) = postSolution
		{ECBDC293-2737-430A-8C03-509A10F5B29B}.Debug|Any CPU.ActiveCfg = Debug|Any CPU
		{ECBDC293-2737-430A-8C03-509A10F5B29B}.Debug|Any CPU.Build.0 = Debug|Any CPU
		{ECBDC293-2737-430A-8C03-509A10F5B29B}.Release|Any CPU.ActiveCfg = Release|Any CPU
		{ECBDC293-2737-430A-8C03-509A10F5B29B}.Release|Any CPU.Build.0 = Release|Any CPU
		{60D2C261-C339-4B9E-A63A-85D78E8E455E}.Debug|Any CPU.ActiveCfg = Debug|Any CPU
		{60D2C261-C339-4B9E-A63A-85D78E8E455E}.Debug|Any CPU.Build.0 = Debug|Any CPU
		{60D2C261-C339-4B9E-A63A-85D78E8E455E}.Release|Any CPU.ActiveCfg = Release|Any CPU
		{60D2C261-C339-4B9E-A63A-85D78E8E455E}.Release|Any CPU.Build.0 = Release|Any CPU
	EndGlobalSection
	GlobalSection(SolutionProperties) = preSolution
		HideSolutionNode = FALSE
	EndGlobalSection
EndGlobal
